# This file is @generated by PDM.
# It is not intended for manual editing.

[metadata]
groups = ["default"]
strategy = ["inherit_metadata"]
lock_version = "4.5.0"
content_hash = "sha256:bffa7ee72127c261a2acca4f6ff34dadd9f4e48ecd6171e18a8df8e609155e01"

[[metadata.targets]]
requires_python = "~=3.5"
